# This file was autogenerated by Stack.
# You should not edit this file by hand.
# For more information, please see the documentation at:
#   https://docs.haskellstack.org/en/stable/lock_files

packages:
- completed:
    hackage: run-haskell-module-0.0.2@sha256:69eaa538fa6f3820581451a157b439feede147cd4bce032dcc393b247f7a597d,1317
    pantry-tree:
      size: 296
      sha256: eb779c8663bc37ec07c2bf3d9689fe987e07e63bc47b7242f088d440da600809
  original:
    hackage: run-haskell-module-0.0.2@sha256:69eaa538fa6f3820581451a157b439feede147cd4bce032dcc393b247f7a597d,1317
- completed:
    hackage: haskell-src-match-0.0.0.1@sha256:cdb4ae08c87fd6b020127c04999a2a482cc12f364f31c8d16ebc816a0f5ee4a1,1630
    pantry-tree:
      size: 410
      sha256: 2acdf3485fd7e03761bee5bbeefd1dd969cdb04e8c10584e370881ff8b5deb8c
  original:
    hackage: haskell-src-match-0.0.0.1@sha256:cdb4ae08c87fd6b020127c04999a2a482cc12f364f31c8d16ebc816a0f5ee4a1,1630
snapshots:
- completed:
    size: 532383
    url: https://raw.githubusercontent.com/commercialhaskell/stackage-snapshots/master/lts/16/10.yaml
    sha256: 469d781ab6d2a4eceed6b31b6e4ec842dcd3cd1d11577972e86902603dce24df
  original: lts-16.10
